
Microsoft Visual Studio Solution File, Format Version 12.00
# Visual Studio Version 16
VisualStudioVersion = 16.0.32929.386
MinimumVisualStudioVersion = 10.0.40219.1
Project("{FAE04EC0-301F-11D3-BF4B-00C04F79EFBC}") = "testmod", "testmod.csproj", "{FC20F5AE-C165-4897-AC5C-0AA70F422284}"
EndProject
Project("{FAE04EC0-301F-11D3-BF4B-00C04F79EFBC}") = "TestProject1", "..\TestProject1\TestProject1.csproj", "{827C700A-E890-41B6-B9DE-FBA3F236DC34}"
EndProject
Global
	GlobalSection(SolutionConfigurationPlatforms) = preSolution
		Debug|Any CPU = Debug|Any CPU
		Release|Any CPU = Release|Any CPU
	EndGlobalSection
	GlobalSection(ProjectConfigurationPlatforms) = postSolution
		{FC20F5AE-C165-4897-AC5C-0AA70F422284}.Debug|Any CPU.ActiveCfg = Debug|Any CPU
		{FC20F5AE-C165-4897-AC5C-0AA70F422284}.Debug|Any CPU.Build.0 = Debug|Any CPU
		{FC20F5AE-C165-4897-AC5C-0AA70F422284}.Release|Any CPU.ActiveCfg = Release|Any CPU
		{FC20F5AE-C165-4897-AC5C-0AA70F422284}.Release|Any CPU.Build.0 = Release|Any CPU
		{827C700A-E890-41B6-B9DE-FBA3F236DC34}.Debug|Any CPU.ActiveCfg = Debug|Any CPU
		{827C700A-E890-41B6-B9DE-FBA3F236DC34}.Debug|Any CPU.Build.0 = Debug|Any CPU
		{827C700A-E890-41B6-B9DE-FBA3F236DC34}.Release|Any CPU.ActiveCfg = Release|Any CPU
		{827C700A-E890-41B6-B9DE-FBA3F236DC34}.Release|Any CPU.Build.0 = Release|Any CPU
	EndGlobalSection
	GlobalSection(SolutionProperties) = preSolution
		HideSolutionNode = FALSE
	EndGlobalSection
	GlobalSection(ExtensibilityGlobals) = postSolution
		SolutionGuid = {E9D1BE97-D2CC-439F-B524-B0A53F44BF1F}
	EndGlobalSection
EndGlobal
