
Microsoft Visual Studio Solution File, Format Version 12.00
# Visual Studio Version 17
VisualStudioVersion = 17.10.34916.146
MinimumVisualStudioVersion = 10.0.40219.1
Project("{FAE04EC0-301F-11D3-BF4B-00C04F79EFBC}") = "TDD", "TDD.csproj", "{FD4EBC65-BCA7-43E0-9582-37A0E3CB6C4C}"
EndProject
Project("{FAE04EC0-301F-11D3-BF4B-00C04F79EFBC}") = "NunitTest", "..\NunitTest\NunitTest.csproj", "{457EC745-57A3-44F7-9421-65F5509C5CAC}"
EndProject
Global
	GlobalSection(SolutionConfigurationPlatforms) = preSolution
		Debug|Any CPU = Debug|Any CPU
		Release|Any CPU = Release|Any CPU
	EndGlobalSection
	GlobalSection(ProjectConfigurationPlatforms) = postSolution
		{FD4EBC65-BCA7-43E0-9582-37A0E3CB6C4C}.Debug|Any CPU.ActiveCfg = Debug|Any CPU
		{FD4EBC65-BCA7-43E0-9582-37A0E3CB6C4C}.Debug|Any CPU.Build.0 = Debug|Any CPU
		{FD4EBC65-BCA7-43E0-9582-37A0E3CB6C4C}.Release|Any CPU.ActiveCfg = Release|Any CPU
		{FD4EBC65-BCA7-43E0-9582-37A0E3CB6C4C}.Release|Any CPU.Build.0 = Release|Any CPU
		{457EC745-57A3-44F7-9421-65F5509C5CAC}.Debug|Any CPU.ActiveCfg = Debug|Any CPU
		{457EC745-57A3-44F7-9421-65F5509C5CAC}.Debug|Any CPU.Build.0 = Debug|Any CPU
		{457EC745-57A3-44F7-9421-65F5509C5CAC}.Release|Any CPU.ActiveCfg = Release|Any CPU
		{457EC745-57A3-44F7-9421-65F5509C5CAC}.Release|Any CPU.Build.0 = Release|Any CPU
	EndGlobalSection
	GlobalSection(SolutionProperties) = preSolution
		HideSolutionNode = FALSE
	EndGlobalSection
	GlobalSection(ExtensibilityGlobals) = postSolution
		SolutionGuid = {CB785A7E-9DC7-4345-A361-C00AD7AE4E36}
	EndGlobalSection
EndGlobal
