
Microsoft Visual Studio Solution File, Format Version 12.00
# Visual Studio Version 16
VisualStudioVersion = 16.0.32929.386
MinimumVisualStudioVersion = 10.0.40219.1
Project("{FAE04EC0-301F-11D3-BF4B-00C04F79EFBC}") = "TestMoqDual", "TestMoqDual.csproj", "{57F32352-027F-460F-9654-71B74FB48C5A}"
EndProject
Project("{FAE04EC0-301F-11D3-BF4B-00C04F79EFBC}") = "TestProject1", "..\TestProject1\TestProject1.csproj", "{881BBFC8-B2EE-4FB9-A181-D9ECF48BBF08}"
EndProject
Global
	GlobalSection(SolutionConfigurationPlatforms) = preSolution
		Debug|Any CPU = Debug|Any CPU
		Release|Any CPU = Release|Any CPU
	EndGlobalSection
	GlobalSection(ProjectConfigurationPlatforms) = postSolution
		{57F32352-027F-460F-9654-71B74FB48C5A}.Debug|Any CPU.ActiveCfg = Debug|Any CPU
		{57F32352-027F-460F-9654-71B74FB48C5A}.Debug|Any CPU.Build.0 = Debug|Any CPU
		{57F32352-027F-460F-9654-71B74FB48C5A}.Release|Any CPU.ActiveCfg = Release|Any CPU
		{57F32352-027F-460F-9654-71B74FB48C5A}.Release|Any CPU.Build.0 = Release|Any CPU
		{881BBFC8-B2EE-4FB9-A181-D9ECF48BBF08}.Debug|Any CPU.ActiveCfg = Debug|Any CPU
		{881BBFC8-B2EE-4FB9-A181-D9ECF48BBF08}.Debug|Any CPU.Build.0 = Debug|Any CPU
		{881BBFC8-B2EE-4FB9-A181-D9ECF48BBF08}.Release|Any CPU.ActiveCfg = Release|Any CPU
		{881BBFC8-B2EE-4FB9-A181-D9ECF48BBF08}.Release|Any CPU.Build.0 = Release|Any CPU
	EndGlobalSection
	GlobalSection(SolutionProperties) = preSolution
		HideSolutionNode = FALSE
	EndGlobalSection
	GlobalSection(ExtensibilityGlobals) = postSolution
		SolutionGuid = {9C3CC9E3-5BAB-45FA-B0BE-90B6939E0182}
	EndGlobalSection
EndGlobal
